// !$*UTF8*$!
{
	archiveVersion = 1;
	classes = {
	};
	objectVersion = 51;
	objects = {

/* Begin PBXBuildFile section */
		4A847510B39B1AAC8586099F /* Pods_teste.framework in Frameworks */ = {isa = PBXBuildFile; fileRef = 1025A11E5380580FE47C9E9C /* Pods_teste.framework */; };
		BA447DCA26752C5300C0932F /* AppDelegate.swift in Sources */ = {isa = PBXBuildFile; fileRef = BA447DC926752C5300C0932F /* AppDelegate.swift */; };
		BA447DCC26752C5300C0932F /* SceneDelegate.swift in Sources */ = {isa = PBXBuildFile; fileRef = BA447DCB26752C5300C0932F /* SceneDelegate.swift */; };
		BA447DCE26752C5300C0932F /* LoginViewController.swift in Sources */ = {isa = PBXBuildFile; fileRef = BA447DCD26752C5300C0932F /* LoginViewController.swift */; };
		BA447DD126752C5300C0932F /* Main.storyboard in Resources */ = {isa = PBXBuildFile; fileRef = BA447DCF26752C5300C0932F /* Main.storyboard */; };
		BA447DD326752C5400C0932F /* Assets.xcassets in Resources */ = {isa = PBXBuildFile; fileRef = BA447DD226752C5400C0932F /* Assets.xcassets */; };
		BA447DD626752C5400C0932F /* LaunchScreen.storyboard in Resources */ = {isa = PBXBuildFile; fileRef = BA447DD426752C5400C0932F /* LaunchScreen.storyboard */; };
		BA447DDE2676795F00C0932F /* HomeView.swift in Sources */ = {isa = PBXBuildFile; fileRef = BA447DDD2676795F00C0932F /* HomeView.swift */; };
		BA6789D526E8002C002663C2 /* BiometryContext.swift in Sources */ = {isa = PBXBuildFile; fileRef = BA6789D426E8002C002663C2 /* BiometryContext.swift */; };
		BA9C2F1126E14940007B245E /* Localizable.strings in Resources */ = {isa = PBXBuildFile; fileRef = BA9C2F1026E14940007B245E /* Localizable.strings */; };
		BAB540D726CAB53500ACE26A /* CellPositiva.swift in Sources */ = {isa = PBXBuildFile; fileRef = BA447DDF2676817300C0932F /* CellPositiva.swift */; };
		BAC355A626E7A9B300C8C6EE /* StatementsResponse.swift in Sources */ = {isa = PBXBuildFile; fileRef = BAC355A526E7A9B300C8C6EE /* StatementsResponse.swift */; };
		BAD255F526DFC4560074E15C /* CellNegativo.swift in Sources */ = {isa = PBXBuildFile; fileRef = BAD255F426DFC4560074E15C /* CellNegativo.swift */; };
		BAD8E75126CD94C5001BE4C1 /* Service.swift in Sources */ = {isa = PBXBuildFile; fileRef = BAD8E75026CD94C5001BE4C1 /* Service.swift */; };
		BAD8E75426CD9C2D001BE4C1 /* UserModel.swift in Sources */ = {isa = PBXBuildFile; fileRef = BAD8E75326CD9C2D001BE4C1 /* UserModel.swift */; };
		BAD8E75726CDBDC7001BE4C1 /* Utils.swift in Sources */ = {isa = PBXBuildFile; fileRef = BAD8E75626CDBDC7001BE4C1 /* Utils.swift */; };
/* End PBXBuildFile section */

/* Begin PBXFileReference section */
		1025A11E5380580FE47C9E9C /* Pods_teste.framework */ = {isa = PBXFileReference; explicitFileType = wrapper.framework; includeInIndex = 0; path = Pods_teste.framework; sourceTree = BUILT_PRODUCTS_DIR; };
		8DDE4FDD129AD073F80C29A3 /* Pods-teste.debug.xcconfig */ = {isa = PBXFileReference; includeInIndex = 1; lastKnownFileType = text.xcconfig; name = "Pods-teste.debug.xcconfig"; path = "Target Support Files/Pods-teste/Pods-teste.debug.xcconfig"; sourceTree = "<group>"; };
		B3BD23FC33DABC416001CBBB /* Pods-teste.release.xcconfig */ = {isa = PBXFileReference; includeInIndex = 1; lastKnownFileType = text.xcconfig; name = "Pods-teste.release.xcconfig"; path = "Target Support Files/Pods-teste/Pods-teste.release.xcconfig"; sourceTree = "<group>"; };
		BA447DC626752C5300C0932F /* teste.app */ = {isa = PBXFileReference; explicitFileType = wrapper.application; includeInIndex = 0; path = teste.app; sourceTree = BUILT_PRODUCTS_DIR; };
		BA447DC926752C5300C0932F /* AppDelegate.swift */ = {isa = PBXFileReference; lastKnownFileType = sourcecode.swift; path = AppDelegate.swift; sourceTree = "<group>"; };
		BA447DCB26752C5300C0932F /* SceneDelegate.swift */ = {isa = PBXFileReference; lastKnownFileType = sourcecode.swift; path = SceneDelegate.swift; sourceTree = "<group>"; };
		BA447DCD26752C5300C0932F /* LoginViewController.swift */ = {isa = PBXFileReference; lastKnownFileType = sourcecode.swift; path = LoginViewController.swift; sourceTree = "<group>"; };
		BA447DD026752C5300C0932F /* Base */ = {isa = PBXFileReference; lastKnownFileType = file.storyboard; name = Base; path = Base.lproj/Main.storyboard; sourceTree = "<group>"; };
		BA447DD226752C5400C0932F /* Assets.xcassets */ = {isa = PBXFileReference; lastKnownFileType = folder.assetcatalog; path = Assets.xcassets; sourceTree = "<group>"; };
		BA447DD526752C5400C0932F /* Base */ = {isa = PBXFileReference; lastKnownFileType = file.storyboard; name = Base; path = Base.lproj/LaunchScreen.storyboard; sourceTree = "<group>"; };
		BA447DD726752C5400C0932F /* Info.plist */ = {isa = PBXFileReference; lastKnownFileType = text.plist.xml; path = Info.plist; sourceTree = "<group>"; };
		BA447DDD2676795F00C0932F /* HomeView.swift */ = {isa = PBXFileReference; lastKnownFileType = sourcecode.swift; path = HomeView.swift; sourceTree = "<group>"; };
		BA447DDF2676817300C0932F /* CellPositiva.swift */ = {isa = PBXFileReference; lastKnownFileType = sourcecode.swift; path = CellPositiva.swift; sourceTree = "<group>"; };
		BA6789D426E8002C002663C2 /* BiometryContext.swift */ = {isa = PBXFileReference; fileEncoding = 4; lastKnownFileType = sourcecode.swift; name = BiometryContext.swift; path = ../../../../../Projetos/AGI.APP.Agillitas.IOS/Source/Apps/iOS/Agillitas/BiometryContext.swift; sourceTree = "<group>"; };
		BA9C2F1026E14940007B245E /* Localizable.strings */ = {isa = PBXFileReference; lastKnownFileType = text.plist.strings; path = Localizable.strings; sourceTree = "<group>"; };
		BAC355A526E7A9B300C8C6EE /* StatementsResponse.swift */ = {isa = PBXFileReference; lastKnownFileType = sourcecode.swift; path = StatementsResponse.swift; sourceTree = "<group>"; };
		BAD255F426DFC4560074E15C /* CellNegativo.swift */ = {isa = PBXFileReference; lastKnownFileType = sourcecode.swift; path = CellNegativo.swift; sourceTree = "<group>"; };
		BAD8E75026CD94C5001BE4C1 /* Service.swift */ = {isa = PBXFileReference; lastKnownFileType = sourcecode.swift; name = Service.swift; path = teste/Service/Service.swift; sourceTree = SOURCE_ROOT; };
		BAD8E75326CD9C2D001BE4C1 /* UserModel.swift */ = {isa = PBXFileReference; lastKnownFileType = sourcecode.swift; path = UserModel.swift; sourceTree = "<group>"; };
		BAD8E75626CDBDC7001BE4C1 /* Utils.swift */ = {isa = PBXFileReference; lastKnownFileType = sourcecode.swift; path = Utils.swift; sourceTree = "<group>"; };
/* End PBXFileReference section */

/* Begin PBXFrameworksBuildPhase section */
		BA447DC326752C5300C0932F /* Frameworks */ = {
			isa = PBXFrameworksBuildPhase;
			buildActionMask = 2147483647;
			files = (
				4A847510B39B1AAC8586099F /* Pods_teste.framework in Frameworks */,
			);
			runOnlyForDeploymentPostprocessing = 0;
		};
/* End PBXFrameworksBuildPhase section */

/* Begin PBXGroup section */
		6668C98FDBD42A514C9B083E /* Frameworks */ = {
			isa = PBXGroup;
			children = (
				1025A11E5380580FE47C9E9C /* Pods_teste.framework */,
			);
			name = Frameworks;
			sourceTree = "<group>";
		};
		BA111A0326CD540D00F8FD5B /* Controllers */ = {
			isa = PBXGroup;
			children = (
				BA447DCD26752C5300C0932F /* LoginViewController.swift */,
				BA447DDD2676795F00C0932F /* HomeView.swift */,
			);
			path = Controllers;
			sourceTree = "<group>";
		};
		BA111A0426CD542800F8FD5B /* Cells */ = {
			isa = PBXGroup;
			children = (
				BA447DDF2676817300C0932F /* CellPositiva.swift */,
				BAD255F426DFC4560074E15C /* CellNegativo.swift */,
			);
			path = Cells;
			sourceTree = "<group>";
		};
		BA111A0526CD54EF00F8FD5B /* Service */ = {
			isa = PBXGroup;
			children = (
				BAD8E75026CD94C5001BE4C1 /* Service.swift */,
			);
			path = Service;
			sourceTree = "<group>";
		};
		BA447DBD26752C5300C0932F = {
			isa = PBXGroup;
			children = (
				BA447DC826752C5300C0932F /* teste */,
				BA447DC726752C5300C0932F /* Products */,
				FBCCE53D2DEEF6FB47F59410 /* Pods */,
				6668C98FDBD42A514C9B083E /* Frameworks */,
			);
			sourceTree = "<group>";
		};
		BA447DC726752C5300C0932F /* Products */ = {
			isa = PBXGroup;
			children = (
				BA447DC626752C5300C0932F /* teste.app */,
			);
			name = Products;
			sourceTree = "<group>";
		};
		BA447DC826752C5300C0932F /* teste */ = {
			isa = PBXGroup;
			children = (
				BAD8E75526CDBDB4001BE4C1 /* Utils */,
				BAD8E75226CD9C1F001BE4C1 /* Models */,
				BA111A0526CD54EF00F8FD5B /* Service */,
				BA111A0426CD542800F8FD5B /* Cells */,
				BA111A0326CD540D00F8FD5B /* Controllers */,
				BA447DC926752C5300C0932F /* AppDelegate.swift */,
				BA447DCB26752C5300C0932F /* SceneDelegate.swift */,
				BA447DCF26752C5300C0932F /* Main.storyboard */,
				BA9C2F1026E14940007B245E /* Localizable.strings */,
				BA447DD226752C5400C0932F /* Assets.xcassets */,
				BA447DD426752C5400C0932F /* LaunchScreen.storyboard */,
				BA447DD726752C5400C0932F /* Info.plist */,
			);
			path = teste;
			sourceTree = "<group>";
		};
		BAD8E75226CD9C1F001BE4C1 /* Models */ = {
			isa = PBXGroup;
			children = (
				BAD8E75326CD9C2D001BE4C1 /* UserModel.swift */,
				BAC355A526E7A9B300C8C6EE /* StatementsResponse.swift */,
			);
			path = Models;
			sourceTree = "<group>";
		};
		BAD8E75526CDBDB4001BE4C1 /* Utils */ = {
			isa = PBXGroup;
			children = (
				BAD8E75626CDBDC7001BE4C1 /* Utils.swift */,
				BA6789D426E8002C002663C2 /* BiometryContext.swift */,
			);
			path = Utils;
			sourceTree = "<group>";
		};
		FBCCE53D2DEEF6FB47F59410 /* Pods */ = {
			isa = PBXGroup;
			children = (
				8DDE4FDD129AD073F80C29A3 /* Pods-teste.debug.xcconfig */,
				B3BD23FC33DABC416001CBBB /* Pods-teste.release.xcconfig */,
			);
			path = Pods;
			sourceTree = "<group>";
		};
/* End PBXGroup section */

/* Begin PBXNativeTarget section */
		BA447DC526752C5300C0932F /* teste */ = {
			isa = PBXNativeTarget;
			buildConfigurationList = BA447DDA26752C5400C0932F /* Build configuration list for PBXNativeTarget "teste" */;
			buildPhases = (
				F1F6B7B3779FB7D2414D6AFE /* [CP] Check Pods Manifest.lock */,
				BA447DC226752C5300C0932F /* Sources */,
				BA447DC326752C5300C0932F /* Frameworks */,
				BA447DC426752C5300C0932F /* Resources */,
				79AA7CBE1E2F93B4690D69AF /* [CP] Embed Pods Frameworks */,
			);
			buildRules = (
			);
			dependencies = (
			);
			name = teste;
			productName = teste;
			productReference = BA447DC626752C5300C0932F /* teste.app */;
			productType = "com.apple.product-type.application";
		};
/* End PBXNativeTarget section */

/* Begin PBXProject section */
		BA447DBE26752C5300C0932F /* Project object */ = {
			isa = PBXProject;
			attributes = {
				LastSwiftUpdateCheck = 1250;
				LastUpgradeCheck = 1250;
				TargetAttributes = {
					BA447DC526752C5300C0932F = {
						CreatedOnToolsVersion = 12.5;
					};
				};
			};
			buildConfigurationList = BA447DC126752C5300C0932F /* Build configuration list for PBXProject "teste" */;
			compatibilityVersion = "Xcode 9.3";
			developmentRegion = en;
			hasScannedForEncodings = 0;
			knownRegions = (
				en,
				Base,
			);
			mainGroup = BA447DBD26752C5300C0932F;
			productRefGroup = BA447DC726752C5300C0932F /* Products */;
			projectDirPath = "";
			projectRoot = "";
			targets = (
				BA447DC526752C5300C0932F /* teste */,
			);
		};
/* End PBXProject section */

/* Begin PBXResourcesBuildPhase section */
		BA447DC426752C5300C0932F /* Resources */ = {
			isa = PBXResourcesBuildPhase;
			buildActionMask = 2147483647;
			files = (
				BA447DD626752C5400C0932F /* LaunchScreen.storyboard in Resources */,
				BA447DD326752C5400C0932F /* Assets.xcassets in Resources */,
				BA9C2F1126E14940007B245E /* Localizable.strings in Resources */,
				BA447DD126752C5300C0932F /* Main.storyboard in Resources */,
			);
			runOnlyForDeploymentPostprocessing = 0;
		};
/* End PBXResourcesBuildPhase section */

/* Begin PBXShellScriptBuildPhase section */
		79AA7CBE1E2F93B4690D69AF /* [CP] Embed Pods Frameworks */ = {
			isa = PBXShellScriptBuildPhase;
			buildActionMask = 2147483647;
			files = (
			);
			inputFileListPaths = (
				"${PODS_ROOT}/Target Support Files/Pods-teste/Pods-teste-frameworks-${CONFIGURATION}-input-files.xcfilelist",
			);
			name = "[CP] Embed Pods Frameworks";
			outputFileListPaths = (
				"${PODS_ROOT}/Target Support Files/Pods-teste/Pods-teste-frameworks-${CONFIGURATION}-output-files.xcfilelist",
			);
			runOnlyForDeploymentPostprocessing = 0;
			shellPath = /bin/sh;
			shellScript = "\"${PODS_ROOT}/Target Support Files/Pods-teste/Pods-teste-frameworks.sh\"\n";
			showEnvVarsInLog = 0;
		};
		F1F6B7B3779FB7D2414D6AFE /* [CP] Check Pods Manifest.lock */ = {
			isa = PBXShellScriptBuildPhase;
			buildActionMask = 2147483647;
			files = (
			);
			inputFileListPaths = (
			);
			inputPaths = (
				"${PODS_PODFILE_DIR_PATH}/Podfile.lock",
				"${PODS_ROOT}/Manifest.lock",
			);
			name = "[CP] Check Pods Manifest.lock";
			outputFileListPaths = (
			);
			outputPaths = (
				"$(DERIVED_FILE_DIR)/Pods-teste-checkManifestLockResult.txt",
			);
			runOnlyForDeploymentPostprocessing = 0;
			shellPath = /bin/sh;
			shellScript = "diff \"${PODS_PODFILE_DIR_PATH}/Podfile.lock\" \"${PODS_ROOT}/Manifest.lock\" > /dev/null\nif [ $? != 0 ] ; then\n    # print error to STDERR\n    echo \"error: The sandbox is not in sync with the Podfile.lock. Run 'pod install' or update your CocoaPods installation.\" >&2\n    exit 1\nfi\n# This output is used by Xcode 'outputs' to avoid re-running this script phase.\necho \"SUCCESS\" > \"${SCRIPT_OUTPUT_FILE_0}\"\n";
			showEnvVarsInLog = 0;
		};
/* End PBXShellScriptBuildPhase section */

/* Begin PBXSourcesBuildPhase section */
		BA447DC226752C5300C0932F /* Sources */ = {
			isa = PBXSourcesBuildPhase;
			buildActionMask = 2147483647;
			files = (
				BAC355A626E7A9B300C8C6EE /* StatementsResponse.swift in Sources */,
				BA6789D526E8002C002663C2 /* BiometryContext.swift in Sources */,
				BAD255F526DFC4560074E15C /* CellNegativo.swift in Sources */,
				BAB540D726CAB53500ACE26A /* CellPositiva.swift in Sources */,
				BAD8E75426CD9C2D001BE4C1 /* UserModel.swift in Sources */,
				BA447DCE26752C5300C0932F /* LoginViewController.swift in Sources */,
				BA447DDE2676795F00C0932F /* HomeView.swift in Sources */,
				BA447DCA26752C5300C0932F /* AppDelegate.swift in Sources */,
				BA447DCC26752C5300C0932F /* SceneDelegate.swift in Sources */,
				BAD8E75126CD94C5001BE4C1 /* Service.swift in Sources */,
				BAD8E75726CDBDC7001BE4C1 /* Utils.swift in Sources */,
			);
			runOnlyForDeploymentPostprocessing = 0;
		};
/* End PBXSourcesBuildPhase section */

/* Begin PBXVariantGroup section */
		BA447DCF26752C5300C0932F /* Main.storyboard */ = {
			isa = PBXVariantGroup;
			children = (
				BA447DD026752C5300C0932F /* Base */,
			);
			name = Main.storyboard;
			sourceTree = "<group>";
		};
		BA447DD426752C5400C0932F /* LaunchScreen.storyboard */ = {
			isa = PBXVariantGroup;
			children = (
				BA447DD526752C5400C0932F /* Base */,
			);
			name = LaunchScreen.storyboard;
			sourceTree = "<group>";
		};
/* End PBXVariantGroup section */

/* Begin XCBuildConfiguration section */
		BA447DD826752C5400C0932F /* Debug */ = {
			isa = XCBuildConfiguration;
			buildSettings = {
				ALWAYS_SEARCH_USER_PATHS = NO;
				CLANG_ANALYZER_NONNULL = YES;
				CLANG_ANALYZER_NUMBER_OBJECT_CONVERSION = YES_AGGRESSIVE;
				CLANG_CXX_LANGUAGE_STANDARD = "gnu++14";
				CLANG_CXX_LIBRARY = "libc++";
				CLANG_ENABLE_MODULES = YES;
				CLANG_ENABLE_OBJC_ARC = YES;
				CLANG_ENABLE_OBJC_WEAK = YES;
				CLANG_WARN_BLOCK_CAPTURE_AUTORELEASING = YES;
				CLANG_WARN_BOOL_CONVERSION = YES;
				CLANG_WARN_COMMA = YES;
				CLANG_WARN_CONSTANT_CONVERSION = YES;
				CLANG_WARN_DEPRECATED_OBJC_IMPLEMENTATIONS = YES;
				CLANG_WARN_DIRECT_OBJC_ISA_USAGE = YES_ERROR;
				CLANG_WARN_DOCUMENTATION_COMMENTS = YES;
				CLANG_WARN_EMPTY_BODY = YES;
				CLANG_WARN_ENUM_CONVERSION = YES;
				CLANG_WARN_INFINITE_RECURSION = YES;
				CLANG_WARN_INT_CONVERSION = YES;
				CLANG_WARN_NON_LITERAL_NULL_CONVERSION = YES;
				CLANG_WARN_OBJC_IMPLICIT_RETAIN_SELF = YES;
				CLANG_WARN_OBJC_LITERAL_CONVERSION = YES;
				CLANG_WARN_OBJC_ROOT_CLASS = YES_ERROR;
				CLANG_WARN_QUOTED_INCLUDE_IN_FRAMEWORK_HEADER = YES;
				CLANG_WARN_RANGE_LOOP_ANALYSIS = YES;
				CLANG_WARN_STRICT_PROTOTYPES = YES;
				CLANG_WARN_SUSPICIOUS_MOVE = YES;
				CLANG_WARN_UNGUARDED_AVAILABILITY = YES_AGGRESSIVE;
				CLANG_WARN_UNREACHABLE_CODE = YES;
				CLANG_WARN__DUPLICATE_METHOD_MATCH = YES;
				COPY_PHASE_STRIP = NO;
				DEBUG_INFORMATION_FORMAT = dwarf;
				ENABLE_STRICT_OBJC_MSGSEND = YES;
				ENABLE_TESTABILITY = YES;
				GCC_C_LANGUAGE_STANDARD = gnu11;
				GCC_DYNAMIC_NO_PIC = NO;
				GCC_NO_COMMON_BLOCKS = YES;
				GCC_OPTIMIZATION_LEVEL = 0;
				GCC_PREPROCESSOR_DEFINITIONS = (
					"DEBUG=1",
					"$(inherited)",
				);
				GCC_WARN_64_TO_32_BIT_CONVERSION = YES;
				GCC_WARN_ABOUT_RETURN_TYPE = YES_ERROR;
				GCC_WARN_UNDECLARED_SELECTOR = YES;
				GCC_WARN_UNINITIALIZED_AUTOS = YES_AGGRESSIVE;
				GCC_WARN_UNUSED_FUNCTION = YES;
				GCC_WARN_UNUSED_VARIABLE = YES;
				IPHONEOS_DEPLOYMENT_TARGET = 14.5;
				MTL_ENABLE_DEBUG_INFO = INCLUDE_SOURCE;
				MTL_FAST_MATH = YES;
				ONLY_ACTIVE_ARCH = YES;
				SDKROOT = iphoneos;
				SWIFT_ACTIVE_COMPILATION_CONDITIONS = DEBUG;
				SWIFT_OPTIMIZATION_LEVEL = "-Onone";
			};
			name = Debug;
		};
		BA447DD926752C5400C0932F /* Release */ = {
			isa = XCBuildConfiguration;
			buildSettings = {
				ALWAYS_SEARCH_USER_PATHS = NO;
				CLANG_ANALYZER_NONNULL = YES;
				CLANG_ANALYZER_NUMBER_OBJECT_CONVERSION = YES_AGGRESSIVE;
				CLANG_CXX_LANGUAGE_STANDARD = "gnu++14";
				CLANG_CXX_LIBRARY = "libc++";
				CLANG_ENABLE_MODULES = YES;
				CLANG_ENABLE_OBJC_ARC = YES;
				CLANG_ENABLE_OBJC_WEAK = YES;
				CLANG_WARN_BLOCK_CAPTURE_AUTORELEASING = YES;
				CLANG_WARN_BOOL_CONVERSION = YES;
				CLANG_WARN_COMMA = YES;
				CLANG_WARN_CONSTANT_CONVERSION = YES;
				CLANG_WARN_DEPRECATED_OBJC_IMPLEMENTATIONS = YES;
				CLANG_WARN_DIRECT_OBJC_ISA_USAGE = YES_ERROR;
				CLANG_WARN_DOCUMENTATION_COMMENTS = YES;
				CLANG_WARN_EMPTY_BODY = YES;
				CLANG_WARN_ENUM_CONVERSION = YES;
				CLANG_WARN_INFINITE_RECURSION = YES;
				CLANG_WARN_INT_CONVERSION = YES;
				CLANG_WARN_NON_LITERAL_NULL_CONVERSION = YES;
				CLANG_WARN_OBJC_IMPLICIT_RETAIN_SELF = YES;
				CLANG_WARN_OBJC_LITERAL_CONVERSION = YES;
				CLANG_WARN_OBJC_ROOT_CLASS = YES_ERROR;
				CLANG_WARN_QUOTED_INCLUDE_IN_FRAMEWORK_HEADER = YES;
				CLANG_WARN_RANGE_LOOP_ANALYSIS = YES;
				CLANG_WARN_STRICT_PROTOTYPES = YES;
				CLANG_WARN_SUSPICIOUS_MOVE = YES;
				CLANG_WARN_UNGUARDED_AVAILABILITY = YES_AGGRESSIVE;
				CLANG_WARN_UNREACHABLE_CODE = YES;
				CLANG_WARN__DUPLICATE_METHOD_MATCH = YES;
				COPY_PHASE_STRIP = NO;
				DEBUG_INFORMATION_FORMAT = "dwarf-with-dsym";
				ENABLE_NS_ASSERTIONS = NO;
				ENABLE_STRICT_OBJC_MSGSEND = YES;
				GCC_C_LANGUAGE_STANDARD = gnu11;
				GCC_NO_COMMON_BLOCKS = YES;
				GCC_WARN_64_TO_32_BIT_CONVERSION = YES;
				GCC_WARN_ABOUT_RETURN_TYPE = YES_ERROR;
				GCC_WARN_UNDECLARED_SELECTOR = YES;
				GCC_WARN_UNINITIALIZED_AUTOS = YES_AGGRESSIVE;
				GCC_WARN_UNUSED_FUNCTION = YES;
				GCC_WARN_UNUSED_VARIABLE = YES;
				IPHONEOS_DEPLOYMENT_TARGET = 14.5;
				MTL_ENABLE_DEBUG_INFO = NO;
				MTL_FAST_MATH = YES;
				SDKROOT = iphoneos;
				SWIFT_COMPILATION_MODE = wholemodule;
				SWIFT_OPTIMIZATION_LEVEL = "-O";
				VALIDATE_PRODUCT = YES;
			};
			name = Release;
		};
		BA447DDB26752C5400C0932F /* Debug */ = {
			isa = XCBuildConfiguration;
			baseConfigurationReference = 8DDE4FDD129AD073F80C29A3 /* Pods-teste.debug.xcconfig */;
			buildSettings = {
				ASSETCATALOG_COMPILER_APPICON_NAME = AppIcon;
				ASSETCATALOG_COMPILER_GLOBAL_ACCENT_COLOR_NAME = AccentColor;
				CODE_SIGN_STYLE = Automatic;
				DEVELOPMENT_TEAM = Y4KLGZGG7R;
				INFOPLIST_FILE = teste/Info.plist;
				LD_RUNPATH_SEARCH_PATHS = (
					"$(inherited)",
					"@executable_path/Frameworks",
				);
				PRODUCT_BUNDLE_IDENTIFIER = testeSolutis.teste;
				PRODUCT_NAME = "$(TARGET_NAME)";
				SWIFT_VERSION = 5.0;
				TARGETED_DEVICE_FAMILY = "1,2";
			};
			name = Debug;
		};
		BA447DDC26752C5400C0932F /* Release */ = {
			isa = XCBuildConfiguration;
			baseConfigurationReference = B3BD23FC33DABC416001CBBB /* Pods-teste.release.xcconfig */;
			buildSettings = {
				ASSETCATALOG_COMPILER_APPICON_NAME = AppIcon;
				ASSETCATALOG_COMPILER_GLOBAL_ACCENT_COLOR_NAME = AccentColor;
				CODE_SIGN_STYLE = Automatic;
				DEVELOPMENT_TEAM = Y4KLGZGG7R;
				INFOPLIST_FILE = teste/Info.plist;
				LD_RUNPATH_SEARCH_PATHS = (
					"$(inherited)",
					"@executable_path/Frameworks",
				);
				PRODUCT_BUNDLE_IDENTIFIER = testeSolutis.teste;
				PRODUCT_NAME = "$(TARGET_NAME)";
				SWIFT_VERSION = 5.0;
				TARGETED_DEVICE_FAMILY = "1,2";
			};
			name = Release;
		};
/* End XCBuildConfiguration section */

/* Begin XCConfigurationList section */
		BA447DC126752C5300C0932F /* Build configuration list for PBXProject "teste" */ = {
			isa = XCConfigurationList;
			buildConfigurations = (
				BA447DD826752C5400C0932F /* Debug */,
				BA447DD926752C5400C0932F /* Release */,
			);
			defaultConfigurationIsVisible = 0;
			defaultConfigurationName = Release;
		};
		BA447DDA26752C5400C0932F /* Build configuration list for PBXNativeTarget "teste" */ = {
			isa = XCConfigurationList;
			buildConfigurations = (
				BA447DDB26752C5400C0932F /* Debug */,
				BA447DDC26752C5400C0932F /* Release */,
			);
			defaultConfigurationIsVisible = 0;
			defaultConfigurationName = Release;
		};
/* End XCConfigurationList section */
	};
	rootObject = BA447DBE26752C5300C0932F /* Project object */;
}
